{
  "name": "bookexcerpt",
  "version": "1.0.3",
  "lockfileVersion": 1,
  "requires": true,
  "dependencies": {
    "node-pdftk": {
      "version": "1.2.3",
      "resolved": "https://registry.npmjs.org/node-pdftk/-/node-pdftk-1.2.3.tgz",
      "integrity": "sha512-ir/hnNUoxsWczqi78jgaRn6qaLdI2X/OeN9VRMWMhDFJGpO7ypRKtGVCGmzcFdHtp6mj1uWQ3eigY1zOrmtx0g=="
    }
  }
}
